
Microsoft Visual Studio Solution File, Format Version 12.00
# Visual Studio 15
VisualStudioVersion = 15.0.27703.2042
MinimumVisualStudioVersion = 10.0.40219.1
Project("{2150E333-8FDC-42A3-9474-1A3956D46DE8}") = "Web", "Web", "{6E9939C1-A5AF-43A8-A956-6BF81E2A3B11}"
EndProject
Project("{2150E333-8FDC-42A3-9474-1A3956D46DE8}") = "MVC", "MVC", "{3DF45393-96E7-44FD-BA99-2F594A3BE29F}"
EndProject
Project("{2150E333-8FDC-42A3-9474-1A3956D46DE8}") = "MVC 5", "MVC 5", "{2AB905EF-2D4D-4C14-BDB1-8F2D70D8DE0C}"
EndProject
Project("{FAE04EC0-301F-11D3-BF4B-00C04F79EFBC}") = "Identity without EF", "Web\MVC\MVC 5\Identity without EF\Identity without EF.csproj", "{2117CDDB-24A0-4A76-A6C3-EA0394884BCE}"
EndProject
Project("{FAE04EC0-301F-11D3-BF4B-00C04F79EFBC}") = "Identity without EF Ext Login", "Web\MVC\MVC 5\Identity without EF Ext Login\Identity without EF Ext Login.csproj", "{98E257B5-D504-47AE-8165-FAA5EEC9744A}"
EndProject
Project("{2150E333-8FDC-42A3-9474-1A3956D46DE8}") = "MS CRM", "MS CRM", "{B2279EC0-C787-490B-B78F-C2A183200633}"
EndProject
Project("{2150E333-8FDC-42A3-9474-1A3956D46DE8}") = "MS CRM 2016", "MS CRM 2016", "{4CEA8F0F-D0FA-4D64-A0EC-ED1717D8C369}"
EndProject
Project("{FAE04EC0-301F-11D3-BF4B-00C04F79EFBC}") = "Discovery Service Connection", "MS CRM\MS CRM 2016\Discovery Service Connection\Discovery Service Connection.csproj", "{F2AC3BD5-4843-4764-9131-589D58F07BFD}"
EndProject
Project("{2150E333-8FDC-42A3-9474-1A3956D46DE8}") = "PDF", "PDF", "{C490BF84-8478-41A1-A9AA-588572024163}"
EndProject
Project("{FAE04EC0-301F-11D3-BF4B-00C04F79EFBC}") = "Fill PDF Template", "PDF\iTextSharp\Fill PDF Template\Fill PDF Template.csproj", "{6BF21641-52F6-4D1A-BA9A-1844C9FD3566}"
EndProject
Project("{2150E333-8FDC-42A3-9474-1A3956D46DE8}") = "iTextSharp", "iTextSharp", "{2ADEC015-6AD0-4982-B367-08662F6EF299}"
EndProject
Project("{FAE04EC0-301F-11D3-BF4B-00C04F79EFBC}") = "Create Annotation", "MS CRM\MS CRM 2016\Create Annotation\Create Annotation.csproj", "{99FB0E28-7713-44B9-A2CA-A987D46A2F00}"
EndProject
Project("{FAE04EC0-301F-11D3-BF4B-00C04F79EFBC}") = "Entity Metadata", "MS CRM\MS CRM 2016\Entity Metadata\Entity Metadata.csproj", "{51B102C5-1A9C-43CD-8E50-929EE229F467}"
EndProject
Project("{FAE04EC0-301F-11D3-BF4B-00C04F79EFBC}") = "Plug-in Static State", "MS CRM\MS CRM 2016\Plug-in Static State\Plug-in Static State.csproj", "{E619D334-056E-459C-A0F1-815436C795F1}"
EndProject
Project("{FAE04EC0-301F-11D3-BF4B-00C04F79EFBC}") = "Workflow Static State", "MS CRM\MS CRM 2016\Workflow Static State\Workflow Static State.csproj", "{0B7EC36C-6BBA-4CD7-98D3-295E90687E63}"
EndProject
Project("{FAE04EC0-301F-11D3-BF4B-00C04F79EFBC}") = "WebResource Dependencies", "MS CRM\MS CRM 2016\WebResource Dependencies\WebResource Dependencies.csproj", "{9DC325A9-C615-4160-B7AA-2BAEF320090D}"
EndProject
Project("{2150E333-8FDC-42A3-9474-1A3956D46DE8}") = "JS", "JS", "{233719FE-B45D-4C69-8CFD-FBAC639BFA1C}"
EndProject
Project("{FAE04EC0-301F-11D3-BF4B-00C04F79EFBC}") = "Charts", "Web\JS\Charts\Charts.csproj", "{EFFA208B-1EC5-4535-B221-26A161485769}"
EndProject
Project("{2150E333-8FDC-42A3-9474-1A3956D46DE8}") = "Files", "Files", "{73A08766-1AFB-4370-898D-9F9F03AE0D1F}"
EndProject
Project("{FAE04EC0-301F-11D3-BF4B-00C04F79EFBC}") = "File to Base64 String", "Files\File to Base64 String\File to Base64 String.csproj", "{CEC3550E-CDDD-4ED6-84B2-3C7B06ED8A7C}"
EndProject
Project("{2150E333-8FDC-42A3-9474-1A3956D46DE8}") = "DB", "DB", "{EBB442EE-5C99-4CBF-AE85-490E6247FCA3}"
EndProject
Project("{2150E333-8FDC-42A3-9474-1A3956D46DE8}") = "MySQL", "MySQL", "{B0E41A65-1718-4201-B88E-EEB7BA7D593B}"
EndProject
Project("{2150E333-8FDC-42A3-9474-1A3956D46DE8}") = "MQ", "MQ", "{0239DC1B-07FC-42D2-B54A-1B950C9EAF6F}"
EndProject
Project("{2150E333-8FDC-42A3-9474-1A3956D46DE8}") = "RabbitMQ", "RabbitMQ", "{45C4F822-5564-46A1-BFB5-BD22FC1E4259}"
EndProject
Project("{FAE04EC0-301F-11D3-BF4B-00C04F79EFBC}") = "RabbitMQ Read Queue", "MQ\RabbitMQ\RabbitMQ Read Queue\RabbitMQ Read Queue.csproj", "{83D166EB-C25E-4D2C-8622-969DA7092F07}"
EndProject
Project("{FAE04EC0-301F-11D3-BF4B-00C04F79EFBC}") = "RabbitMQ Write to Queue", "MQ\RabbitMQ\RabbitMQ Write to Queue\RabbitMQ Write to Queue.csproj", "{4B766AA6-C10D-4B99-9FB9-F47C537B1037}"
EndProject
Project("{FAE04EC0-301F-11D3-BF4B-00C04F79EFBC}") = "RabbitMQ Consumer", "MQ\RabbitMQ\RabbitMQ Consumer\RabbitMQ Consumer.csproj", "{2496151C-7750-4D37-AD71-5235DB1A839A}"
EndProject
Project("{FAE04EC0-301F-11D3-BF4B-00C04F79EFBC}") = "MySQL Connection", "DB\MySQL\MySQL Connection\MySQL Connection.csproj", "{40242656-4135-491F-A941-ABC2B880DBEF}"
EndProject
Project("{2150E333-8FDC-42A3-9474-1A3956D46DE8}") = "Client-Server", "Client-Server", "{B05D359C-E15D-4ED7-AD2C-E6043177ED66}"
EndProject
Project("{FAE04EC0-301F-11D3-BF4B-00C04F79EFBC}") = "RabbitMQ Server", "MQ\RabbitMQ\Client-Server\RabbitMQ Server\RabbitMQ Server.csproj", "{9308FC68-5521-4728-B654-19B9AF52E869}"
EndProject
Project("{FAE04EC0-301F-11D3-BF4B-00C04F79EFBC}") = "RabbitMQ Client", "MQ\RabbitMQ\RabbitMQ Client\RabbitMQ Client.csproj", "{6E0C5FD1-3F94-4EB6-BE1A-89DE4BA2AD86}"
EndProject
Project("{FAE04EC0-301F-11D3-BF4B-00C04F79EFBC}") = "RabbitMQ Lib", "MQ\RabbitMQ\Client-Server\RabbitMQ Lib\RabbitMQ Lib.csproj", "{55A820CD-B036-4CE8-82F5-011F5EF6DAAD}"
EndProject
Project("{FAE04EC0-301F-11D3-BF4B-00C04F79EFBC}") = "RabbitMQ Async Consumer", "MQ\RabbitMQ\RabbitMQ Async Consumer\RabbitMQ Async Consumer.csproj", "{89A98165-D0E0-4280-A4F8-7F74DA8F8C81}"
EndProject
Project("{2150E333-8FDC-42A3-9474-1A3956D46DE8}") = "CSharp", "CSharp", "{E9EE2FA8-0B35-49B5-A0A0-2F28A907AB3F}"
EndProject
Project("{FAE04EC0-301F-11D3-BF4B-00C04F79EFBC}") = "Async", "CSharp\Async\Async.csproj", "{4E98A39B-8D9F-475F-8C27-9FACDFE3DAA8}"
EndProject
Project("{FAE04EC0-301F-11D3-BF4B-00C04F79EFBC}") = "OWIN", "Web\MVC\MVC 5\OWIN\OWIN.csproj", "{BDCB836D-CFC9-429D-B6D2-008C88F7D7B0}"
EndProject
Project("{FAE04EC0-301F-11D3-BF4B-00C04F79EFBC}") = "Cast Deserialized Object", "CSharp\Cast Deserialized Object\Cast Deserialized Object.csproj", "{383B20F4-99B1-47D7-879C-9FA370D0CD1D}"
EndProject
Project("{2150E333-8FDC-42A3-9474-1A3956D46DE8}") = "Windows", "Windows", "{8D8BBA05-8095-49A7-A4DE-DDA9F994FAD9}"
EndProject
Project("{FAE04EC0-301F-11D3-BF4B-00C04F79EFBC}") = "Windows Service", "Windows\WIndows Service\Windows Service.csproj", "{539BA70B-BBF0-4FAD-B1D4-7CC8B4F49D4B}"
EndProject
Project("{2150E333-8FDC-42A3-9474-1A3956D46DE8}") = "Net", "Net", "{00B0B76B-7713-45BA-8270-490651FAF7E0}"
EndProject
Project("{FAE04EC0-301F-11D3-BF4B-00C04F79EFBC}") = "Ping", "Net\Ping\Ping.csproj", "{8EDB0F59-82DF-42ED-994F-42A13D43EBFE}"
EndProject
Project("{FAE04EC0-301F-11D3-BF4B-00C04F79EFBC}") = "Pass Method Parameters", "CSharp\Pass Method Parameters\Pass Method Parameters.csproj", "{4CEDEFB7-8EF4-49AA-A316-9B1DED5E4CCA}"
EndProject
Project("{FAE04EC0-301F-11D3-BF4B-00C04F79EFBC}") = "Picklist Items", "MS CRM\MS CRM 2016\Picklist Items\Picklist Items.csproj", "{7068FECB-846E-4B8C-97F2-1CCDEA098B9B}"
EndProject
Project("{FAE04EC0-301F-11D3-BF4B-00C04F79EFBC}") = "CheckAvailability", "Net\CheckAvailability\CheckAvailability.csproj", "{2540B44C-B1A7-49D4-804E-EDBA51174260}"
EndProject
Project("{2150E333-8FDC-42A3-9474-1A3956D46DE8}") = "DI", "DI", "{DD31C0B0-F046-42AB-AED0-AC5D92C23230}"
EndProject
Project("{FAE04EC0-301F-11D3-BF4B-00C04F79EFBC}") = "Ninject Deserialization", "DI\Ninject Deserialization\Ninject Deserialization.csproj", "{69029A3E-4DB4-436C-878F-7A1FF9950832}"
EndProject
Project("{FAE04EC0-301F-11D3-BF4B-00C04F79EFBC}") = "Plug-in Dependencies", "MS CRM\MS CRM 2016\Plug-in Dependencies\Plug-in Dependencies.csproj", "{A8D67CA0-968B-4F94-82CD-09CAC5352F4D}"
EndProject
Project("{FAE04EC0-301F-11D3-BF4B-00C04F79EFBC}") = "Tools", "MS CRM\MS CRM 2016\Tools\Tools.csproj", "{E4395A90-1451-4EE1-9957-0C0F4201ADFF}"
EndProject
Project("{2150E333-8FDC-42A3-9474-1A3956D46DE8}") = "XML", "XML", "{82364C53-6DA2-420E-80C4-09F6EDA8E337}"
EndProject
Project("{FAE04EC0-301F-11D3-BF4B-00C04F79EFBC}") = "XML Serialize", "XML\XML Serialize\XML Serialize.csproj", "{47A81171-3354-44A6-9D30-97C5B332A5AE}"
EndProject
Project("{FAE04EC0-301F-11D3-BF4B-00C04F79EFBC}") = "Shared Variables", "MS CRM\MS CRM 2016\Shared Variables\Shared Variables.csproj", "{6B89F6D5-2767-479D-AB8B-214ABD69F60D}"
EndProject
Project("{FAE04EC0-301F-11D3-BF4B-00C04F79EFBC}") = "Type Names", "CSharp\Type Names\Type Names.csproj", "{E0995040-EE6A-453E-836C-730AADE965D9}"
EndProject
Project("{FAE04EC0-301F-11D3-BF4B-00C04F79EFBC}") = "RabbitMQ Request Context", "MQ\RabbitMQ\RabbitMQ Request Context\RabbitMQ Request Context.csproj", "{14FE5B80-DA53-4E0E-82AD-0752A4218EF4}"
EndProject
Project("{2150E333-8FDC-42A3-9474-1A3956D46DE8}") = "HTML", "HTML", "{06B7D9D6-6DCC-4DDE-9EDB-83B6C209B4EF}"
EndProject
Project("{FAE04EC0-301F-11D3-BF4B-00C04F79EFBC}") = "Change Background On Scroll", "Web\HTML\Change Background On Scroll\Change Background On Scroll.csproj", "{F71B2193-42DC-4D63-9CA5-B656082CE838}"
EndProject
Project("{FAE04EC0-301F-11D3-BF4B-00C04F79EFBC}") = "Type Values", "CSharp\Type Values\Type Values.csproj", "{5B8B4E4E-A20D-4E48-911C-08600B03DAF7}"
EndProject
Project("{2150E333-8FDC-42A3-9474-1A3956D46DE8}") = "Web API", "Web API", "{8D13B3B8-53A6-422C-9650-4687E9C14507}"
EndProject
Project("{FAE04EC0-301F-11D3-BF4B-00C04F79EFBC}") = "Web API OWIN", "Web\Web API\Web API OWIN\Web API OWIN.csproj", "{5D5112CE-3818-4BE9-8701-3880147A7154}"
EndProject
Project("{2150E333-8FDC-42A3-9474-1A3956D46DE8}") = "SignalR", "SignalR", "{2F2A95B3-E775-4BD0-BA1F-02920C290FEF}"
EndProject
Project("{2150E333-8FDC-42A3-9474-1A3956D46DE8}") = "Self Hosted", "Self Hosted", "{E2E6C246-1FC3-44D6-B505-0622388ECF30}"
EndProject
Project("{FAE04EC0-301F-11D3-BF4B-00C04F79EFBC}") = "SignalR Server", "Web\SignalR\Self Hosted\SignalR Server\SignalR Server.csproj", "{E9670679-CE82-490A-AD72-5A8E1E64AEB8}"
EndProject
Project("{FAE04EC0-301F-11D3-BF4B-00C04F79EFBC}") = "SignalR Client", "Web\SignalR\Self Hosted\SignalR Client\SignalR Client.csproj", "{A3D75704-6B74-41ED-BCA3-D683EB5B177D}"
EndProject
Project("{2150E333-8FDC-42A3-9474-1A3956D46DE8}") = "MEF", "MEF", "{250DF80C-9692-4A01-B6B9-D26A7C04EBCB}"
EndProject
Project("{FAE04EC0-301F-11D3-BF4B-00C04F79EFBC}") = "MEF Program", "CSharp\MEF\MEF Program\MEF Program.csproj", "{88352D12-981C-4425-9E69-BA09C9B8B7D8}"
EndProject
Project("{FAE04EC0-301F-11D3-BF4B-00C04F79EFBC}") = "MEF Plug-in 1", "CSharp\MEF\MEF Plug-in 1\MEF Plug-in 1.csproj", "{5CC50367-FE62-41D0-91E2-AF0728B9AAAC}"
EndProject
Project("{FAE04EC0-301F-11D3-BF4B-00C04F79EFBC}") = "MEF Plug-in 2", "CSharp\MEF\MEF Plug-in 2\MEF Plug-in 2.csproj", "{23644BE1-F99B-4957-84CD-3857139052C8}"
EndProject
Project("{FAE04EC0-301F-11D3-BF4B-00C04F79EFBC}") = "Connect to CRM", "MS CRM\MS CRM 2016\Connect to CRM\Connect to CRM.csproj", "{48F8A96B-58D8-490B-B186-ABAB39782E78}"
EndProject
Project("{FAE04EC0-301F-11D3-BF4B-00C04F79EFBC}") = "Plug-in Update", "MS CRM\MS CRM 2016\Plug-in Update\Plug-in Update.csproj", "{2E3CBB28-135C-42DA-A1B7-4787834B6496}"
EndProject
Global
	GlobalSection(SolutionConfigurationPlatforms) = preSolution
		Debug|Any CPU = Debug|Any CPU
		Release|Any CPU = Release|Any CPU
	EndGlobalSection
	GlobalSection(ProjectConfigurationPlatforms) = postSolution
		{2117CDDB-24A0-4A76-A6C3-EA0394884BCE}.Debug|Any CPU.ActiveCfg = Debug|Any CPU
		{2117CDDB-24A0-4A76-A6C3-EA0394884BCE}.Debug|Any CPU.Build.0 = Debug|Any CPU
		{2117CDDB-24A0-4A76-A6C3-EA0394884BCE}.Release|Any CPU.ActiveCfg = Release|Any CPU
		{2117CDDB-24A0-4A76-A6C3-EA0394884BCE}.Release|Any CPU.Build.0 = Release|Any CPU
		{98E257B5-D504-47AE-8165-FAA5EEC9744A}.Debug|Any CPU.ActiveCfg = Debug|Any CPU
		{98E257B5-D504-47AE-8165-FAA5EEC9744A}.Debug|Any CPU.Build.0 = Debug|Any CPU
		{98E257B5-D504-47AE-8165-FAA5EEC9744A}.Release|Any CPU.ActiveCfg = Release|Any CPU
		{98E257B5-D504-47AE-8165-FAA5EEC9744A}.Release|Any CPU.Build.0 = Release|Any CPU
		{F2AC3BD5-4843-4764-9131-589D58F07BFD}.Debug|Any CPU.ActiveCfg = Debug|Any CPU
		{F2AC3BD5-4843-4764-9131-589D58F07BFD}.Debug|Any CPU.Build.0 = Debug|Any CPU
		{F2AC3BD5-4843-4764-9131-589D58F07BFD}.Release|Any CPU.ActiveCfg = Release|Any CPU
		{F2AC3BD5-4843-4764-9131-589D58F07BFD}.Release|Any CPU.Build.0 = Release|Any CPU
		{6BF21641-52F6-4D1A-BA9A-1844C9FD3566}.Debug|Any CPU.ActiveCfg = Debug|Any CPU
		{6BF21641-52F6-4D1A-BA9A-1844C9FD3566}.Debug|Any CPU.Build.0 = Debug|Any CPU
		{6BF21641-52F6-4D1A-BA9A-1844C9FD3566}.Release|Any CPU.ActiveCfg = Release|Any CPU
		{6BF21641-52F6-4D1A-BA9A-1844C9FD3566}.Release|Any CPU.Build.0 = Release|Any CPU
		{99FB0E28-7713-44B9-A2CA-A987D46A2F00}.Debug|Any CPU.ActiveCfg = Debug|Any CPU
		{99FB0E28-7713-44B9-A2CA-A987D46A2F00}.Debug|Any CPU.Build.0 = Debug|Any CPU
		{99FB0E28-7713-44B9-A2CA-A987D46A2F00}.Release|Any CPU.ActiveCfg = Release|Any CPU
		{99FB0E28-7713-44B9-A2CA-A987D46A2F00}.Release|Any CPU.Build.0 = Release|Any CPU
		{51B102C5-1A9C-43CD-8E50-929EE229F467}.Debug|Any CPU.ActiveCfg = Debug|Any CPU
		{51B102C5-1A9C-43CD-8E50-929EE229F467}.Debug|Any CPU.Build.0 = Debug|Any CPU
		{51B102C5-1A9C-43CD-8E50-929EE229F467}.Release|Any CPU.ActiveCfg = Release|Any CPU
		{51B102C5-1A9C-43CD-8E50-929EE229F467}.Release|Any CPU.Build.0 = Release|Any CPU
		{E619D334-056E-459C-A0F1-815436C795F1}.Debug|Any CPU.ActiveCfg = Debug|Any CPU
		{E619D334-056E-459C-A0F1-815436C795F1}.Debug|Any CPU.Build.0 = Debug|Any CPU
		{E619D334-056E-459C-A0F1-815436C795F1}.Release|Any CPU.ActiveCfg = Release|Any CPU
		{E619D334-056E-459C-A0F1-815436C795F1}.Release|Any CPU.Build.0 = Release|Any CPU
		{0B7EC36C-6BBA-4CD7-98D3-295E90687E63}.Debug|Any CPU.ActiveCfg = Debug|Any CPU
		{0B7EC36C-6BBA-4CD7-98D3-295E90687E63}.Debug|Any CPU.Build.0 = Debug|Any CPU
		{0B7EC36C-6BBA-4CD7-98D3-295E90687E63}.Release|Any CPU.ActiveCfg = Release|Any CPU
		{0B7EC36C-6BBA-4CD7-98D3-295E90687E63}.Release|Any CPU.Build.0 = Release|Any CPU
		{9DC325A9-C615-4160-B7AA-2BAEF320090D}.Debug|Any CPU.ActiveCfg = Debug|Any CPU
		{9DC325A9-C615-4160-B7AA-2BAEF320090D}.Debug|Any CPU.Build.0 = Debug|Any CPU
		{9DC325A9-C615-4160-B7AA-2BAEF320090D}.Release|Any CPU.ActiveCfg = Release|Any CPU
		{9DC325A9-C615-4160-B7AA-2BAEF320090D}.Release|Any CPU.Build.0 = Release|Any CPU
		{EFFA208B-1EC5-4535-B221-26A161485769}.Debug|Any CPU.ActiveCfg = Debug|Any CPU
		{EFFA208B-1EC5-4535-B221-26A161485769}.Debug|Any CPU.Build.0 = Debug|Any CPU
		{EFFA208B-1EC5-4535-B221-26A161485769}.Release|Any CPU.ActiveCfg = Release|Any CPU
		{EFFA208B-1EC5-4535-B221-26A161485769}.Release|Any CPU.Build.0 = Release|Any CPU
		{CEC3550E-CDDD-4ED6-84B2-3C7B06ED8A7C}.Debug|Any CPU.ActiveCfg = Debug|Any CPU
		{CEC3550E-CDDD-4ED6-84B2-3C7B06ED8A7C}.Debug|Any CPU.Build.0 = Debug|Any CPU
		{CEC3550E-CDDD-4ED6-84B2-3C7B06ED8A7C}.Release|Any CPU.ActiveCfg = Release|Any CPU
		{CEC3550E-CDDD-4ED6-84B2-3C7B06ED8A7C}.Release|Any CPU.Build.0 = Release|Any CPU
		{83D166EB-C25E-4D2C-8622-969DA7092F07}.Debug|Any CPU.ActiveCfg = Debug|Any CPU
		{83D166EB-C25E-4D2C-8622-969DA7092F07}.Debug|Any CPU.Build.0 = Debug|Any CPU
		{83D166EB-C25E-4D2C-8622-969DA7092F07}.Release|Any CPU.ActiveCfg = Release|Any CPU
		{83D166EB-C25E-4D2C-8622-969DA7092F07}.Release|Any CPU.Build.0 = Release|Any CPU
		{4B766AA6-C10D-4B99-9FB9-F47C537B1037}.Debug|Any CPU.ActiveCfg = Debug|Any CPU
		{4B766AA6-C10D-4B99-9FB9-F47C537B1037}.Debug|Any CPU.Build.0 = Debug|Any CPU
		{4B766AA6-C10D-4B99-9FB9-F47C537B1037}.Release|Any CPU.ActiveCfg = Release|Any CPU
		{4B766AA6-C10D-4B99-9FB9-F47C537B1037}.Release|Any CPU.Build.0 = Release|Any CPU
		{2496151C-7750-4D37-AD71-5235DB1A839A}.Debug|Any CPU.ActiveCfg = Debug|Any CPU
		{2496151C-7750-4D37-AD71-5235DB1A839A}.Debug|Any CPU.Build.0 = Debug|Any CPU
		{2496151C-7750-4D37-AD71-5235DB1A839A}.Release|Any CPU.ActiveCfg = Release|Any CPU
		{2496151C-7750-4D37-AD71-5235DB1A839A}.Release|Any CPU.Build.0 = Release|Any CPU
		{40242656-4135-491F-A941-ABC2B880DBEF}.Debug|Any CPU.ActiveCfg = Debug|Any CPU
		{40242656-4135-491F-A941-ABC2B880DBEF}.Debug|Any CPU.Build.0 = Debug|Any CPU
		{40242656-4135-491F-A941-ABC2B880DBEF}.Release|Any CPU.ActiveCfg = Release|Any CPU
		{40242656-4135-491F-A941-ABC2B880DBEF}.Release|Any CPU.Build.0 = Release|Any CPU
		{9308FC68-5521-4728-B654-19B9AF52E869}.Debug|Any CPU.ActiveCfg = Debug|Any CPU
		{9308FC68-5521-4728-B654-19B9AF52E869}.Debug|Any CPU.Build.0 = Debug|Any CPU
		{9308FC68-5521-4728-B654-19B9AF52E869}.Release|Any CPU.ActiveCfg = Release|Any CPU
		{9308FC68-5521-4728-B654-19B9AF52E869}.Release|Any CPU.Build.0 = Release|Any CPU
		{6E0C5FD1-3F94-4EB6-BE1A-89DE4BA2AD86}.Debug|Any CPU.ActiveCfg = Debug|Any CPU
		{6E0C5FD1-3F94-4EB6-BE1A-89DE4BA2AD86}.Debug|Any CPU.Build.0 = Debug|Any CPU
		{6E0C5FD1-3F94-4EB6-BE1A-89DE4BA2AD86}.Release|Any CPU.ActiveCfg = Release|Any CPU
		{6E0C5FD1-3F94-4EB6-BE1A-89DE4BA2AD86}.Release|Any CPU.Build.0 = Release|Any CPU
		{55A820CD-B036-4CE8-82F5-011F5EF6DAAD}.Debug|Any CPU.ActiveCfg = Debug|Any CPU
		{55A820CD-B036-4CE8-82F5-011F5EF6DAAD}.Debug|Any CPU.Build.0 = Debug|Any CPU
		{55A820CD-B036-4CE8-82F5-011F5EF6DAAD}.Release|Any CPU.ActiveCfg = Release|Any CPU
		{55A820CD-B036-4CE8-82F5-011F5EF6DAAD}.Release|Any CPU.Build.0 = Release|Any CPU
		{89A98165-D0E0-4280-A4F8-7F74DA8F8C81}.Debug|Any CPU.ActiveCfg = Debug|Any CPU
		{89A98165-D0E0-4280-A4F8-7F74DA8F8C81}.Debug|Any CPU.Build.0 = Debug|Any CPU
		{89A98165-D0E0-4280-A4F8-7F74DA8F8C81}.Release|Any CPU.ActiveCfg = Release|Any CPU
		{89A98165-D0E0-4280-A4F8-7F74DA8F8C81}.Release|Any CPU.Build.0 = Release|Any CPU
		{4E98A39B-8D9F-475F-8C27-9FACDFE3DAA8}.Debug|Any CPU.ActiveCfg = Debug|Any CPU
		{4E98A39B-8D9F-475F-8C27-9FACDFE3DAA8}.Debug|Any CPU.Build.0 = Debug|Any CPU
		{4E98A39B-8D9F-475F-8C27-9FACDFE3DAA8}.Release|Any CPU.ActiveCfg = Release|Any CPU
		{4E98A39B-8D9F-475F-8C27-9FACDFE3DAA8}.Release|Any CPU.Build.0 = Release|Any CPU
		{BDCB836D-CFC9-429D-B6D2-008C88F7D7B0}.Debug|Any CPU.ActiveCfg = Debug|Any CPU
		{BDCB836D-CFC9-429D-B6D2-008C88F7D7B0}.Debug|Any CPU.Build.0 = Debug|Any CPU
		{BDCB836D-CFC9-429D-B6D2-008C88F7D7B0}.Release|Any CPU.ActiveCfg = Release|Any CPU
		{BDCB836D-CFC9-429D-B6D2-008C88F7D7B0}.Release|Any CPU.Build.0 = Release|Any CPU
		{383B20F4-99B1-47D7-879C-9FA370D0CD1D}.Debug|Any CPU.ActiveCfg = Debug|Any CPU
		{383B20F4-99B1-47D7-879C-9FA370D0CD1D}.Debug|Any CPU.Build.0 = Debug|Any CPU
		{383B20F4-99B1-47D7-879C-9FA370D0CD1D}.Release|Any CPU.ActiveCfg = Release|Any CPU
		{383B20F4-99B1-47D7-879C-9FA370D0CD1D}.Release|Any CPU.Build.0 = Release|Any CPU
		{539BA70B-BBF0-4FAD-B1D4-7CC8B4F49D4B}.Debug|Any CPU.ActiveCfg = Debug|Any CPU
		{539BA70B-BBF0-4FAD-B1D4-7CC8B4F49D4B}.Debug|Any CPU.Build.0 = Debug|Any CPU
		{539BA70B-BBF0-4FAD-B1D4-7CC8B4F49D4B}.Release|Any CPU.ActiveCfg = Release|Any CPU
		{539BA70B-BBF0-4FAD-B1D4-7CC8B4F49D4B}.Release|Any CPU.Build.0 = Release|Any CPU
		{8EDB0F59-82DF-42ED-994F-42A13D43EBFE}.Debug|Any CPU.ActiveCfg = Debug|Any CPU
		{8EDB0F59-82DF-42ED-994F-42A13D43EBFE}.Debug|Any CPU.Build.0 = Debug|Any CPU
		{8EDB0F59-82DF-42ED-994F-42A13D43EBFE}.Release|Any CPU.ActiveCfg = Release|Any CPU
		{8EDB0F59-82DF-42ED-994F-42A13D43EBFE}.Release|Any CPU.Build.0 = Release|Any CPU
		{4CEDEFB7-8EF4-49AA-A316-9B1DED5E4CCA}.Debug|Any CPU.ActiveCfg = Debug|Any CPU
		{4CEDEFB7-8EF4-49AA-A316-9B1DED5E4CCA}.Debug|Any CPU.Build.0 = Debug|Any CPU
		{4CEDEFB7-8EF4-49AA-A316-9B1DED5E4CCA}.Release|Any CPU.ActiveCfg = Release|Any CPU
		{4CEDEFB7-8EF4-49AA-A316-9B1DED5E4CCA}.Release|Any CPU.Build.0 = Release|Any CPU
		{7068FECB-846E-4B8C-97F2-1CCDEA098B9B}.Debug|Any CPU.ActiveCfg = Debug|Any CPU
		{7068FECB-846E-4B8C-97F2-1CCDEA098B9B}.Debug|Any CPU.Build.0 = Debug|Any CPU
		{7068FECB-846E-4B8C-97F2-1CCDEA098B9B}.Release|Any CPU.ActiveCfg = Release|Any CPU
		{7068FECB-846E-4B8C-97F2-1CCDEA098B9B}.Release|Any CPU.Build.0 = Release|Any CPU
		{2540B44C-B1A7-49D4-804E-EDBA51174260}.Debug|Any CPU.ActiveCfg = Debug|Any CPU
		{2540B44C-B1A7-49D4-804E-EDBA51174260}.Debug|Any CPU.Build.0 = Debug|Any CPU
		{2540B44C-B1A7-49D4-804E-EDBA51174260}.Release|Any CPU.ActiveCfg = Release|Any CPU
		{2540B44C-B1A7-49D4-804E-EDBA51174260}.Release|Any CPU.Build.0 = Release|Any CPU
		{69029A3E-4DB4-436C-878F-7A1FF9950832}.Debug|Any CPU.ActiveCfg = Debug|Any CPU
		{69029A3E-4DB4-436C-878F-7A1FF9950832}.Debug|Any CPU.Build.0 = Debug|Any CPU
		{69029A3E-4DB4-436C-878F-7A1FF9950832}.Release|Any CPU.ActiveCfg = Release|Any CPU
		{69029A3E-4DB4-436C-878F-7A1FF9950832}.Release|Any CPU.Build.0 = Release|Any CPU
		{A8D67CA0-968B-4F94-82CD-09CAC5352F4D}.Debug|Any CPU.ActiveCfg = Debug|Any CPU
		{A8D67CA0-968B-4F94-82CD-09CAC5352F4D}.Debug|Any CPU.Build.0 = Debug|Any CPU
		{A8D67CA0-968B-4F94-82CD-09CAC5352F4D}.Release|Any CPU.ActiveCfg = Release|Any CPU
		{A8D67CA0-968B-4F94-82CD-09CAC5352F4D}.Release|Any CPU.Build.0 = Release|Any CPU
		{E4395A90-1451-4EE1-9957-0C0F4201ADFF}.Debug|Any CPU.ActiveCfg = Debug|Any CPU
		{E4395A90-1451-4EE1-9957-0C0F4201ADFF}.Debug|Any CPU.Build.0 = Debug|Any CPU
		{E4395A90-1451-4EE1-9957-0C0F4201ADFF}.Release|Any CPU.ActiveCfg = Release|Any CPU
		{E4395A90-1451-4EE1-9957-0C0F4201ADFF}.Release|Any CPU.Build.0 = Release|Any CPU
		{47A81171-3354-44A6-9D30-97C5B332A5AE}.Debug|Any CPU.ActiveCfg = Debug|Any CPU
		{47A81171-3354-44A6-9D30-97C5B332A5AE}.Debug|Any CPU.Build.0 = Debug|Any CPU
		{47A81171-3354-44A6-9D30-97C5B332A5AE}.Release|Any CPU.ActiveCfg = Release|Any CPU
		{47A81171-3354-44A6-9D30-97C5B332A5AE}.Release|Any CPU.Build.0 = Release|Any CPU
		{6B89F6D5-2767-479D-AB8B-214ABD69F60D}.Debug|Any CPU.ActiveCfg = Debug|Any CPU
		{6B89F6D5-2767-479D-AB8B-214ABD69F60D}.Debug|Any CPU.Build.0 = Debug|Any CPU
		{6B89F6D5-2767-479D-AB8B-214ABD69F60D}.Release|Any CPU.ActiveCfg = Release|Any CPU
		{6B89F6D5-2767-479D-AB8B-214ABD69F60D}.Release|Any CPU.Build.0 = Release|Any CPU
		{E0995040-EE6A-453E-836C-730AADE965D9}.Debug|Any CPU.ActiveCfg = Debug|Any CPU
		{E0995040-EE6A-453E-836C-730AADE965D9}.Debug|Any CPU.Build.0 = Debug|Any CPU
		{E0995040-EE6A-453E-836C-730AADE965D9}.Release|Any CPU.ActiveCfg = Release|Any CPU
		{E0995040-EE6A-453E-836C-730AADE965D9}.Release|Any CPU.Build.0 = Release|Any CPU
		{14FE5B80-DA53-4E0E-82AD-0752A4218EF4}.Debug|Any CPU.ActiveCfg = Debug|Any CPU
		{14FE5B80-DA53-4E0E-82AD-0752A4218EF4}.Debug|Any CPU.Build.0 = Debug|Any CPU
		{14FE5B80-DA53-4E0E-82AD-0752A4218EF4}.Release|Any CPU.ActiveCfg = Release|Any CPU
		{14FE5B80-DA53-4E0E-82AD-0752A4218EF4}.Release|Any CPU.Build.0 = Release|Any CPU
		{F71B2193-42DC-4D63-9CA5-B656082CE838}.Debug|Any CPU.ActiveCfg = Debug|Any CPU
		{F71B2193-42DC-4D63-9CA5-B656082CE838}.Debug|Any CPU.Build.0 = Debug|Any CPU
		{F71B2193-42DC-4D63-9CA5-B656082CE838}.Release|Any CPU.ActiveCfg = Release|Any CPU
		{F71B2193-42DC-4D63-9CA5-B656082CE838}.Release|Any CPU.Build.0 = Release|Any CPU
		{5B8B4E4E-A20D-4E48-911C-08600B03DAF7}.Debug|Any CPU.ActiveCfg = Debug|Any CPU
		{5B8B4E4E-A20D-4E48-911C-08600B03DAF7}.Debug|Any CPU.Build.0 = Debug|Any CPU
		{5B8B4E4E-A20D-4E48-911C-08600B03DAF7}.Release|Any CPU.ActiveCfg = Release|Any CPU
		{5B8B4E4E-A20D-4E48-911C-08600B03DAF7}.Release|Any CPU.Build.0 = Release|Any CPU
		{5D5112CE-3818-4BE9-8701-3880147A7154}.Debug|Any CPU.ActiveCfg = Debug|Any CPU
		{5D5112CE-3818-4BE9-8701-3880147A7154}.Debug|Any CPU.Build.0 = Debug|Any CPU
		{5D5112CE-3818-4BE9-8701-3880147A7154}.Release|Any CPU.ActiveCfg = Release|Any CPU
		{5D5112CE-3818-4BE9-8701-3880147A7154}.Release|Any CPU.Build.0 = Release|Any CPU
		{E9670679-CE82-490A-AD72-5A8E1E64AEB8}.Debug|Any CPU.ActiveCfg = Debug|Any CPU
		{E9670679-CE82-490A-AD72-5A8E1E64AEB8}.Debug|Any CPU.Build.0 = Debug|Any CPU
		{E9670679-CE82-490A-AD72-5A8E1E64AEB8}.Release|Any CPU.ActiveCfg = Release|Any CPU
		{E9670679-CE82-490A-AD72-5A8E1E64AEB8}.Release|Any CPU.Build.0 = Release|Any CPU
		{A3D75704-6B74-41ED-BCA3-D683EB5B177D}.Debug|Any CPU.ActiveCfg = Debug|Any CPU
		{A3D75704-6B74-41ED-BCA3-D683EB5B177D}.Debug|Any CPU.Build.0 = Debug|Any CPU
		{A3D75704-6B74-41ED-BCA3-D683EB5B177D}.Release|Any CPU.ActiveCfg = Release|Any CPU
		{A3D75704-6B74-41ED-BCA3-D683EB5B177D}.Release|Any CPU.Build.0 = Release|Any CPU
		{88352D12-981C-4425-9E69-BA09C9B8B7D8}.Debug|Any CPU.ActiveCfg = Debug|Any CPU
		{88352D12-981C-4425-9E69-BA09C9B8B7D8}.Debug|Any CPU.Build.0 = Debug|Any CPU
		{88352D12-981C-4425-9E69-BA09C9B8B7D8}.Release|Any CPU.ActiveCfg = Release|Any CPU
		{88352D12-981C-4425-9E69-BA09C9B8B7D8}.Release|Any CPU.Build.0 = Release|Any CPU
		{5CC50367-FE62-41D0-91E2-AF0728B9AAAC}.Debug|Any CPU.ActiveCfg = Debug|Any CPU
		{5CC50367-FE62-41D0-91E2-AF0728B9AAAC}.Debug|Any CPU.Build.0 = Debug|Any CPU
		{5CC50367-FE62-41D0-91E2-AF0728B9AAAC}.Release|Any CPU.ActiveCfg = Release|Any CPU
		{5CC50367-FE62-41D0-91E2-AF0728B9AAAC}.Release|Any CPU.Build.0 = Release|Any CPU
		{23644BE1-F99B-4957-84CD-3857139052C8}.Debug|Any CPU.ActiveCfg = Debug|Any CPU
		{23644BE1-F99B-4957-84CD-3857139052C8}.Debug|Any CPU.Build.0 = Debug|Any CPU
		{23644BE1-F99B-4957-84CD-3857139052C8}.Release|Any CPU.ActiveCfg = Release|Any CPU
		{23644BE1-F99B-4957-84CD-3857139052C8}.Release|Any CPU.Build.0 = Release|Any CPU
		{48F8A96B-58D8-490B-B186-ABAB39782E78}.Debug|Any CPU.ActiveCfg = Debug|Any CPU
		{48F8A96B-58D8-490B-B186-ABAB39782E78}.Debug|Any CPU.Build.0 = Debug|Any CPU
		{48F8A96B-58D8-490B-B186-ABAB39782E78}.Release|Any CPU.ActiveCfg = Release|Any CPU
		{48F8A96B-58D8-490B-B186-ABAB39782E78}.Release|Any CPU.Build.0 = Release|Any CPU
		{2E3CBB28-135C-42DA-A1B7-4787834B6496}.Debug|Any CPU.ActiveCfg = Debug|Any CPU
		{2E3CBB28-135C-42DA-A1B7-4787834B6496}.Debug|Any CPU.Build.0 = Debug|Any CPU
		{2E3CBB28-135C-42DA-A1B7-4787834B6496}.Release|Any CPU.ActiveCfg = Release|Any CPU
		{2E3CBB28-135C-42DA-A1B7-4787834B6496}.Release|Any CPU.Build.0 = Release|Any CPU
	EndGlobalSection
	GlobalSection(SolutionProperties) = preSolution
		HideSolutionNode = FALSE
	EndGlobalSection
	GlobalSection(NestedProjects) = preSolution
		{3DF45393-96E7-44FD-BA99-2F594A3BE29F} = {6E9939C1-A5AF-43A8-A956-6BF81E2A3B11}
		{2AB905EF-2D4D-4C14-BDB1-8F2D70D8DE0C} = {3DF45393-96E7-44FD-BA99-2F594A3BE29F}
		{2117CDDB-24A0-4A76-A6C3-EA0394884BCE} = {2AB905EF-2D4D-4C14-BDB1-8F2D70D8DE0C}
		{98E257B5-D504-47AE-8165-FAA5EEC9744A} = {2AB905EF-2D4D-4C14-BDB1-8F2D70D8DE0C}
		{4CEA8F0F-D0FA-4D64-A0EC-ED1717D8C369} = {B2279EC0-C787-490B-B78F-C2A183200633}
		{F2AC3BD5-4843-4764-9131-589D58F07BFD} = {4CEA8F0F-D0FA-4D64-A0EC-ED1717D8C369}
		{6BF21641-52F6-4D1A-BA9A-1844C9FD3566} = {2ADEC015-6AD0-4982-B367-08662F6EF299}
		{2ADEC015-6AD0-4982-B367-08662F6EF299} = {C490BF84-8478-41A1-A9AA-588572024163}
		{99FB0E28-7713-44B9-A2CA-A987D46A2F00} = {4CEA8F0F-D0FA-4D64-A0EC-ED1717D8C369}
		{51B102C5-1A9C-43CD-8E50-929EE229F467} = {4CEA8F0F-D0FA-4D64-A0EC-ED1717D8C369}
		{E619D334-056E-459C-A0F1-815436C795F1} = {4CEA8F0F-D0FA-4D64-A0EC-ED1717D8C369}
		{0B7EC36C-6BBA-4CD7-98D3-295E90687E63} = {4CEA8F0F-D0FA-4D64-A0EC-ED1717D8C369}
		{9DC325A9-C615-4160-B7AA-2BAEF320090D} = {4CEA8F0F-D0FA-4D64-A0EC-ED1717D8C369}
		{233719FE-B45D-4C69-8CFD-FBAC639BFA1C} = {6E9939C1-A5AF-43A8-A956-6BF81E2A3B11}
		{EFFA208B-1EC5-4535-B221-26A161485769} = {233719FE-B45D-4C69-8CFD-FBAC639BFA1C}
		{CEC3550E-CDDD-4ED6-84B2-3C7B06ED8A7C} = {73A08766-1AFB-4370-898D-9F9F03AE0D1F}
		{B0E41A65-1718-4201-B88E-EEB7BA7D593B} = {EBB442EE-5C99-4CBF-AE85-490E6247FCA3}
		{45C4F822-5564-46A1-BFB5-BD22FC1E4259} = {0239DC1B-07FC-42D2-B54A-1B950C9EAF6F}
		{83D166EB-C25E-4D2C-8622-969DA7092F07} = {45C4F822-5564-46A1-BFB5-BD22FC1E4259}
		{4B766AA6-C10D-4B99-9FB9-F47C537B1037} = {45C4F822-5564-46A1-BFB5-BD22FC1E4259}
		{2496151C-7750-4D37-AD71-5235DB1A839A} = {45C4F822-5564-46A1-BFB5-BD22FC1E4259}
		{40242656-4135-491F-A941-ABC2B880DBEF} = {B0E41A65-1718-4201-B88E-EEB7BA7D593B}
		{B05D359C-E15D-4ED7-AD2C-E6043177ED66} = {45C4F822-5564-46A1-BFB5-BD22FC1E4259}
		{9308FC68-5521-4728-B654-19B9AF52E869} = {B05D359C-E15D-4ED7-AD2C-E6043177ED66}
		{6E0C5FD1-3F94-4EB6-BE1A-89DE4BA2AD86} = {B05D359C-E15D-4ED7-AD2C-E6043177ED66}
		{55A820CD-B036-4CE8-82F5-011F5EF6DAAD} = {B05D359C-E15D-4ED7-AD2C-E6043177ED66}
		{89A98165-D0E0-4280-A4F8-7F74DA8F8C81} = {45C4F822-5564-46A1-BFB5-BD22FC1E4259}
		{4E98A39B-8D9F-475F-8C27-9FACDFE3DAA8} = {E9EE2FA8-0B35-49B5-A0A0-2F28A907AB3F}
		{BDCB836D-CFC9-429D-B6D2-008C88F7D7B0} = {2AB905EF-2D4D-4C14-BDB1-8F2D70D8DE0C}
		{383B20F4-99B1-47D7-879C-9FA370D0CD1D} = {E9EE2FA8-0B35-49B5-A0A0-2F28A907AB3F}
		{539BA70B-BBF0-4FAD-B1D4-7CC8B4F49D4B} = {8D8BBA05-8095-49A7-A4DE-DDA9F994FAD9}
		{8EDB0F59-82DF-42ED-994F-42A13D43EBFE} = {00B0B76B-7713-45BA-8270-490651FAF7E0}
		{4CEDEFB7-8EF4-49AA-A316-9B1DED5E4CCA} = {E9EE2FA8-0B35-49B5-A0A0-2F28A907AB3F}
		{7068FECB-846E-4B8C-97F2-1CCDEA098B9B} = {4CEA8F0F-D0FA-4D64-A0EC-ED1717D8C369}
		{2540B44C-B1A7-49D4-804E-EDBA51174260} = {00B0B76B-7713-45BA-8270-490651FAF7E0}
		{69029A3E-4DB4-436C-878F-7A1FF9950832} = {DD31C0B0-F046-42AB-AED0-AC5D92C23230}
		{A8D67CA0-968B-4F94-82CD-09CAC5352F4D} = {4CEA8F0F-D0FA-4D64-A0EC-ED1717D8C369}
		{E4395A90-1451-4EE1-9957-0C0F4201ADFF} = {4CEA8F0F-D0FA-4D64-A0EC-ED1717D8C369}
		{47A81171-3354-44A6-9D30-97C5B332A5AE} = {82364C53-6DA2-420E-80C4-09F6EDA8E337}
		{6B89F6D5-2767-479D-AB8B-214ABD69F60D} = {4CEA8F0F-D0FA-4D64-A0EC-ED1717D8C369}
		{E0995040-EE6A-453E-836C-730AADE965D9} = {E9EE2FA8-0B35-49B5-A0A0-2F28A907AB3F}
		{14FE5B80-DA53-4E0E-82AD-0752A4218EF4} = {45C4F822-5564-46A1-BFB5-BD22FC1E4259}
		{06B7D9D6-6DCC-4DDE-9EDB-83B6C209B4EF} = {6E9939C1-A5AF-43A8-A956-6BF81E2A3B11}
		{F71B2193-42DC-4D63-9CA5-B656082CE838} = {06B7D9D6-6DCC-4DDE-9EDB-83B6C209B4EF}
		{5B8B4E4E-A20D-4E48-911C-08600B03DAF7} = {E9EE2FA8-0B35-49B5-A0A0-2F28A907AB3F}
		{8D13B3B8-53A6-422C-9650-4687E9C14507} = {6E9939C1-A5AF-43A8-A956-6BF81E2A3B11}
		{5D5112CE-3818-4BE9-8701-3880147A7154} = {8D13B3B8-53A6-422C-9650-4687E9C14507}
		{2F2A95B3-E775-4BD0-BA1F-02920C290FEF} = {6E9939C1-A5AF-43A8-A956-6BF81E2A3B11}
		{E2E6C246-1FC3-44D6-B505-0622388ECF30} = {2F2A95B3-E775-4BD0-BA1F-02920C290FEF}
		{E9670679-CE82-490A-AD72-5A8E1E64AEB8} = {E2E6C246-1FC3-44D6-B505-0622388ECF30}
		{A3D75704-6B74-41ED-BCA3-D683EB5B177D} = {E2E6C246-1FC3-44D6-B505-0622388ECF30}
		{250DF80C-9692-4A01-B6B9-D26A7C04EBCB} = {E9EE2FA8-0B35-49B5-A0A0-2F28A907AB3F}
		{88352D12-981C-4425-9E69-BA09C9B8B7D8} = {250DF80C-9692-4A01-B6B9-D26A7C04EBCB}
		{5CC50367-FE62-41D0-91E2-AF0728B9AAAC} = {250DF80C-9692-4A01-B6B9-D26A7C04EBCB}
		{23644BE1-F99B-4957-84CD-3857139052C8} = {250DF80C-9692-4A01-B6B9-D26A7C04EBCB}
		{48F8A96B-58D8-490B-B186-ABAB39782E78} = {4CEA8F0F-D0FA-4D64-A0EC-ED1717D8C369}
		{2E3CBB28-135C-42DA-A1B7-4787834B6496} = {4CEA8F0F-D0FA-4D64-A0EC-ED1717D8C369}
	EndGlobalSection
	GlobalSection(ExtensibilityGlobals) = postSolution
		SolutionGuid = {D36704F7-F9EC-4708-9AF8-9DE8FA69F3BC}
	EndGlobalSection
EndGlobal
