
Microsoft Visual Studio Solution File, Format Version 12.00
# Visual Studio 14
VisualStudioVersion = 14.0.25420.1
MinimumVisualStudioVersion = 10.0.40219.1
Project("{2150E333-8FDC-42A3-9474-1A3956D46DE8}") = "Web", "Web", "{6E9939C1-A5AF-43A8-A956-6BF81E2A3B11}"
EndProject
Project("{2150E333-8FDC-42A3-9474-1A3956D46DE8}") = "MVC", "MVC", "{3DF45393-96E7-44FD-BA99-2F594A3BE29F}"
EndProject
Project("{2150E333-8FDC-42A3-9474-1A3956D46DE8}") = "MVC 5", "MVC 5", "{2AB905EF-2D4D-4C14-BDB1-8F2D70D8DE0C}"
EndProject
Project("{FAE04EC0-301F-11D3-BF4B-00C04F79EFBC}") = "Identity without EF", "Web\MVC\MVC 5\Identity without EF\Identity without EF.csproj", "{2117CDDB-24A0-4A76-A6C3-EA0394884BCE}"
EndProject
Project("{FAE04EC0-301F-11D3-BF4B-00C04F79EFBC}") = "Identity without EF Ext Login", "Web\MVC\MVC 5\Identity without EF Ext Login\Identity without EF Ext Login.csproj", "{98E257B5-D504-47AE-8165-FAA5EEC9744A}"
EndProject
Project("{2150E333-8FDC-42A3-9474-1A3956D46DE8}") = "MS CRM", "MS CRM", "{B2279EC0-C787-490B-B78F-C2A183200633}"
EndProject
Project("{2150E333-8FDC-42A3-9474-1A3956D46DE8}") = "MS CRM 2016", "MS CRM 2016", "{4CEA8F0F-D0FA-4D64-A0EC-ED1717D8C369}"
EndProject
Project("{FAE04EC0-301F-11D3-BF4B-00C04F79EFBC}") = "Discovery Service Connection", "MS CRM\MS CRM 2016\Discovery Service Connection\Discovery Service Connection.csproj", "{F2AC3BD5-4843-4764-9131-589D58F07BFD}"
EndProject
Project("{2150E333-8FDC-42A3-9474-1A3956D46DE8}") = "PDF", "PDF", "{C490BF84-8478-41A1-A9AA-588572024163}"
EndProject
Project("{FAE04EC0-301F-11D3-BF4B-00C04F79EFBC}") = "Fill PDF Template", "PDF\iTextSharp\Fill PDF Template\Fill PDF Template.csproj", "{6BF21641-52F6-4D1A-BA9A-1844C9FD3566}"
EndProject
Project("{2150E333-8FDC-42A3-9474-1A3956D46DE8}") = "iTextSharp", "iTextSharp", "{2ADEC015-6AD0-4982-B367-08662F6EF299}"
EndProject
Project("{FAE04EC0-301F-11D3-BF4B-00C04F79EFBC}") = "Create Annotation", "MS CRM\MS CRM 2016\Create Annotation\Create Annotation.csproj", "{99FB0E28-7713-44B9-A2CA-A987D46A2F00}"
EndProject
Project("{FAE04EC0-301F-11D3-BF4B-00C04F79EFBC}") = "Entity Metadata", "MS CRM\MS CRM 2016\Entity Metadata\Entity Metadata.csproj", "{51B102C5-1A9C-43CD-8E50-929EE229F467}"
EndProject
Project("{FAE04EC0-301F-11D3-BF4B-00C04F79EFBC}") = "Plug-in Static State", "MS CRM\MS CRM 2016\Plug-in Static State\Plug-in Static State.csproj", "{E619D334-056E-459C-A0F1-815436C795F1}"
EndProject
Global
	GlobalSection(SolutionConfigurationPlatforms) = preSolution
		Debug|Any CPU = Debug|Any CPU
		Release|Any CPU = Release|Any CPU
	EndGlobalSection
	GlobalSection(ProjectConfigurationPlatforms) = postSolution
		{2117CDDB-24A0-4A76-A6C3-EA0394884BCE}.Debug|Any CPU.ActiveCfg = Debug|Any CPU
		{2117CDDB-24A0-4A76-A6C3-EA0394884BCE}.Debug|Any CPU.Build.0 = Debug|Any CPU
		{2117CDDB-24A0-4A76-A6C3-EA0394884BCE}.Release|Any CPU.ActiveCfg = Release|Any CPU
		{2117CDDB-24A0-4A76-A6C3-EA0394884BCE}.Release|Any CPU.Build.0 = Release|Any CPU
		{98E257B5-D504-47AE-8165-FAA5EEC9744A}.Debug|Any CPU.ActiveCfg = Debug|Any CPU
		{98E257B5-D504-47AE-8165-FAA5EEC9744A}.Debug|Any CPU.Build.0 = Debug|Any CPU
		{98E257B5-D504-47AE-8165-FAA5EEC9744A}.Release|Any CPU.ActiveCfg = Release|Any CPU
		{98E257B5-D504-47AE-8165-FAA5EEC9744A}.Release|Any CPU.Build.0 = Release|Any CPU
		{F2AC3BD5-4843-4764-9131-589D58F07BFD}.Debug|Any CPU.ActiveCfg = Debug|Any CPU
		{F2AC3BD5-4843-4764-9131-589D58F07BFD}.Debug|Any CPU.Build.0 = Debug|Any CPU
		{F2AC3BD5-4843-4764-9131-589D58F07BFD}.Release|Any CPU.ActiveCfg = Release|Any CPU
		{F2AC3BD5-4843-4764-9131-589D58F07BFD}.Release|Any CPU.Build.0 = Release|Any CPU
		{6BF21641-52F6-4D1A-BA9A-1844C9FD3566}.Debug|Any CPU.ActiveCfg = Debug|Any CPU
		{6BF21641-52F6-4D1A-BA9A-1844C9FD3566}.Debug|Any CPU.Build.0 = Debug|Any CPU
		{6BF21641-52F6-4D1A-BA9A-1844C9FD3566}.Release|Any CPU.ActiveCfg = Release|Any CPU
		{6BF21641-52F6-4D1A-BA9A-1844C9FD3566}.Release|Any CPU.Build.0 = Release|Any CPU
		{99FB0E28-7713-44B9-A2CA-A987D46A2F00}.Debug|Any CPU.ActiveCfg = Debug|Any CPU
		{99FB0E28-7713-44B9-A2CA-A987D46A2F00}.Debug|Any CPU.Build.0 = Debug|Any CPU
		{99FB0E28-7713-44B9-A2CA-A987D46A2F00}.Release|Any CPU.ActiveCfg = Release|Any CPU
		{99FB0E28-7713-44B9-A2CA-A987D46A2F00}.Release|Any CPU.Build.0 = Release|Any CPU
		{51B102C5-1A9C-43CD-8E50-929EE229F467}.Debug|Any CPU.ActiveCfg = Debug|Any CPU
		{51B102C5-1A9C-43CD-8E50-929EE229F467}.Debug|Any CPU.Build.0 = Debug|Any CPU
		{51B102C5-1A9C-43CD-8E50-929EE229F467}.Release|Any CPU.ActiveCfg = Release|Any CPU
		{51B102C5-1A9C-43CD-8E50-929EE229F467}.Release|Any CPU.Build.0 = Release|Any CPU
		{E619D334-056E-459C-A0F1-815436C795F1}.Debug|Any CPU.ActiveCfg = Debug|Any CPU
		{E619D334-056E-459C-A0F1-815436C795F1}.Debug|Any CPU.Build.0 = Debug|Any CPU
		{E619D334-056E-459C-A0F1-815436C795F1}.Release|Any CPU.ActiveCfg = Release|Any CPU
		{E619D334-056E-459C-A0F1-815436C795F1}.Release|Any CPU.Build.0 = Release|Any CPU
	EndGlobalSection
	GlobalSection(SolutionProperties) = preSolution
		HideSolutionNode = FALSE
	EndGlobalSection
	GlobalSection(NestedProjects) = preSolution
		{3DF45393-96E7-44FD-BA99-2F594A3BE29F} = {6E9939C1-A5AF-43A8-A956-6BF81E2A3B11}
		{2AB905EF-2D4D-4C14-BDB1-8F2D70D8DE0C} = {3DF45393-96E7-44FD-BA99-2F594A3BE29F}
		{2117CDDB-24A0-4A76-A6C3-EA0394884BCE} = {2AB905EF-2D4D-4C14-BDB1-8F2D70D8DE0C}
		{98E257B5-D504-47AE-8165-FAA5EEC9744A} = {2AB905EF-2D4D-4C14-BDB1-8F2D70D8DE0C}
		{4CEA8F0F-D0FA-4D64-A0EC-ED1717D8C369} = {B2279EC0-C787-490B-B78F-C2A183200633}
		{F2AC3BD5-4843-4764-9131-589D58F07BFD} = {4CEA8F0F-D0FA-4D64-A0EC-ED1717D8C369}
		{6BF21641-52F6-4D1A-BA9A-1844C9FD3566} = {2ADEC015-6AD0-4982-B367-08662F6EF299}
		{2ADEC015-6AD0-4982-B367-08662F6EF299} = {C490BF84-8478-41A1-A9AA-588572024163}
		{99FB0E28-7713-44B9-A2CA-A987D46A2F00} = {4CEA8F0F-D0FA-4D64-A0EC-ED1717D8C369}
		{51B102C5-1A9C-43CD-8E50-929EE229F467} = {4CEA8F0F-D0FA-4D64-A0EC-ED1717D8C369}
		{E619D334-056E-459C-A0F1-815436C795F1} = {4CEA8F0F-D0FA-4D64-A0EC-ED1717D8C369}
	EndGlobalSection
EndGlobal
